
Microsoft Visual Studio Solution File, Format Version 12.00
# Visual Studio Version 17
VisualStudioVersion = 17.13.35818.85 d17.13
MinimumVisualStudioVersion = 10.0.40219.1
Project("{FAE04EC0-301F-11D3-BF4B-00C04F79EFBC}") = "bai17_Tinhlaisuat", "bai17_Tinhlaisuat.csproj", "{6976F20A-F2B2-41FE-823F-BC941E5B2AF4}"
EndProject
Global
	GlobalSection(SolutionConfigurationPlatforms) = preSolution
		Debug|Any CPU = Debug|Any CPU
		Release|Any CPU = Release|Any CPU
	EndGlobalSection
	GlobalSection(ProjectConfigurationPlatforms) = postSolution
		{6976F20A-F2B2-41FE-823F-BC941E5B2AF4}.Debug|Any CPU.ActiveCfg = Debug|Any CPU
		{6976F20A-F2B2-41FE-823F-BC941E5B2AF4}.Debug|Any CPU.Build.0 = Debug|Any CPU
		{6976F20A-F2B2-41FE-823F-BC941E5B2AF4}.Release|Any CPU.ActiveCfg = Release|Any CPU
		{6976F20A-F2B2-41FE-823F-BC941E5B2AF4}.Release|Any CPU.Build.0 = Release|Any CPU
	EndGlobalSection
	GlobalSection(SolutionProperties) = preSolution
		HideSolutionNode = FALSE
	EndGlobalSection
	GlobalSection(ExtensibilityGlobals) = postSolution
		SolutionGuid = {FA9CDD53-796A-4E71-A9D8-A8F91EE89AF1}
	EndGlobalSection
EndGlobal
